
Microsoft Visual Studio Solution File, Format Version 12.00
# Visual Studio Version 17
VisualStudioVersion = 17.10.35122.118
MinimumVisualStudioVersion = 10.0.40219.1
Project("{FAE04EC0-301F-11D3-BF4B-00C04F79EFBC}") = "EmployeeDirectory", "EmployeeDirectory\EmployeeDirectory.csproj", "{279B407D-3058-4824-9145-BFD7DF890441}"
EndProject
Global
	GlobalSection(SolutionConfigurationPlatforms) = preSolution
		Debug|Any CPU = Debug|Any CPU
		Release|Any CPU = Release|Any CPU
	EndGlobalSection
	GlobalSection(ProjectConfigurationPlatforms) = postSolution
		{279B407D-3058-4824-9145-BFD7DF890441}.Debug|Any CPU.ActiveCfg = Debug|Any CPU
		{279B407D-3058-4824-9145-BFD7DF890441}.Debug|Any CPU.Build.0 = Debug|Any CPU
		{279B407D-3058-4824-9145-BFD7DF890441}.Release|Any CPU.ActiveCfg = Release|Any CPU
		{279B407D-3058-4824-9145-BFD7DF890441}.Release|Any CPU.Build.0 = Release|Any CPU
	EndGlobalSection
	GlobalSection(SolutionProperties) = preSolution
		HideSolutionNode = FALSE
	EndGlobalSection
	GlobalSection(ExtensibilityGlobals) = postSolution
		SolutionGuid = {AF7D9DC5-8096-4C20-844C-CE4A9BA77623}
	EndGlobalSection
EndGlobal
